
Microsoft Visual Studio Solution File, Format Version 12.00
# Visual Studio 15
VisualStudioVersion = 15.0.27428.2043
MinimumVisualStudioVersion = 10.0.40219.1
Project("{FAE04EC0-301F-11D3-BF4B-00C04F79EFBC}") = "CalificacionesApp.Android", "CalificacionesApp\CalificacionesApp.Android\CalificacionesApp.Android.csproj", "{D81D8B68-A0E1-42C4-B40D-1951F9FD1354}"
EndProject
Project("{FAE04EC0-301F-11D3-BF4B-00C04F79EFBC}") = "CalificacionesApp.iOS", "CalificacionesApp\CalificacionesApp.iOS\CalificacionesApp.iOS.csproj", "{B2140B46-DFFC-4B1E-926B-40F891A733BA}"
EndProject
Project("{FAE04EC0-301F-11D3-BF4B-00C04F79EFBC}") = "CalificacionesApp.UWP", "CalificacionesApp\CalificacionesApp.UWP\CalificacionesApp.UWP.csproj", "{AF7508CF-B177-418F-91FB-DD6389212F13}"
EndProject
Project("{FAE04EC0-301F-11D3-BF4B-00C04F79EFBC}") = "CalificacionesApp", "CalificacionesApp\CalificacionesApp\CalificacionesApp.csproj", "{0339BFEB-F26C-4D56-81EB-20BA7A8CAEF1}"
EndProject
Global
	GlobalSection(SolutionConfigurationPlatforms) = preSolution
		Ad-Hoc|Any CPU = Ad-Hoc|Any CPU
		Ad-Hoc|ARM = Ad-Hoc|ARM
		Ad-Hoc|iPhone = Ad-Hoc|iPhone
		Ad-Hoc|iPhoneSimulator = Ad-Hoc|iPhoneSimulator
		Ad-Hoc|x64 = Ad-Hoc|x64
		Ad-Hoc|x86 = Ad-Hoc|x86
		AppStore|Any CPU = AppStore|Any CPU
		AppStore|ARM = AppStore|ARM
		AppStore|iPhone = AppStore|iPhone
		AppStore|iPhoneSimulator = AppStore|iPhoneSimulator
		AppStore|x64 = AppStore|x64
		AppStore|x86 = AppStore|x86
		Debug|Any CPU = Debug|Any CPU
		Debug|ARM = Debug|ARM
		Debug|iPhone = Debug|iPhone
		Debug|iPhoneSimulator = Debug|iPhoneSimulator
		Debug|x64 = Debug|x64
		Debug|x86 = Debug|x86
		Release|Any CPU = Release|Any CPU
		Release|ARM = Release|ARM
		Release|iPhone = Release|iPhone
		Release|iPhoneSimulator = Release|iPhoneSimulator
		Release|x64 = Release|x64
		Release|x86 = Release|x86
	EndGlobalSection
	GlobalSection(ProjectConfigurationPlatforms) = postSolution
		{D81D8B68-A0E1-42C4-B40D-1951F9FD1354}.Ad-Hoc|Any CPU.ActiveCfg = Release|Any CPU
		{D81D8B68-A0E1-42C4-B40D-1951F9FD1354}.Ad-Hoc|Any CPU.Build.0 = Release|Any CPU
		{D81D8B68-A0E1-42C4-B40D-1951F9FD1354}.Ad-Hoc|Any CPU.Deploy.0 = Release|Any CPU
		{D81D8B68-A0E1-42C4-B40D-1951F9FD1354}.Ad-Hoc|ARM.ActiveCfg = Release|Any CPU
		{D81D8B68-A0E1-42C4-B40D-1951F9FD1354}.Ad-Hoc|ARM.Build.0 = Release|Any CPU
		{D81D8B68-A0E1-42C4-B40D-1951F9FD1354}.Ad-Hoc|ARM.Deploy.0 = Release|Any CPU
		{D81D8B68-A0E1-42C4-B40D-1951F9FD1354}.Ad-Hoc|iPhone.ActiveCfg = Release|Any CPU
		{D81D8B68-A0E1-42C4-B40D-1951F9FD1354}.Ad-Hoc|iPhone.Build.0 = Release|Any CPU
		{D81D8B68-A0E1-42C4-B40D-1951F9FD1354}.Ad-Hoc|iPhone.Deploy.0 = Release|Any CPU
		{D81D8B68-A0E1-42C4-B40D-1951F9FD1354}.Ad-Hoc|iPhoneSimulator.ActiveCfg = Release|Any CPU
		{D81D8B68-A0E1-42C4-B40D-1951F9FD1354}.Ad-Hoc|iPhoneSimulator.Build.0 = Release|Any CPU
		{D81D8B68-A0E1-42C4-B40D-1951F9FD1354}.Ad-Hoc|iPhoneSimulator.Deploy.0 = Release|Any CPU
		{D81D8B68-A0E1-42C4-B40D-1951F9FD1354}.Ad-Hoc|x64.ActiveCfg = Release|Any CPU
		{D81D8B68-A0E1-42C4-B40D-1951F9FD1354}.Ad-Hoc|x64.Build.0 = Release|Any CPU
		{D81D8B68-A0E1-42C4-B40D-1951F9FD1354}.Ad-Hoc|x64.Deploy.0 = Release|Any CPU
		{D81D8B68-A0E1-42C4-B40D-1951F9FD1354}.Ad-Hoc|x86.ActiveCfg = Release|Any CPU
		{D81D8B68-A0E1-42C4-B40D-1951F9FD1354}.Ad-Hoc|x86.Build.0 = Release|Any CPU
		{D81D8B68-A0E1-42C4-B40D-1951F9FD1354}.Ad-Hoc|x86.Deploy.0 = Release|Any CPU
		{D81D8B68-A0E1-42C4-B40D-1951F9FD1354}.AppStore|Any CPU.ActiveCfg = Release|Any CPU
		{D81D8B68-A0E1-42C4-B40D-1951F9FD1354}.AppStore|Any CPU.Build.0 = Release|Any CPU
		{D81D8B68-A0E1-42C4-B40D-1951F9FD1354}.AppStore|Any CPU.Deploy.0 = Release|Any CPU
		{D81D8B68-A0E1-42C4-B40D-1951F9FD1354}.AppStore|ARM.ActiveCfg = Release|Any CPU
		{D81D8B68-A0E1-42C4-B40D-1951F9FD1354}.AppStore|ARM.Build.0 = Release|Any CPU
		{D81D8B68-A0E1-42C4-B40D-1951F9FD1354}.AppStore|ARM.Deploy.0 = Release|Any CPU
		{D81D8B68-A0E1-42C4-B40D-1951F9FD1354}.AppStore|iPhone.ActiveCfg = Release|Any CPU
		{D81D8B68-A0E1-42C4-B40D-1951F9FD1354}.AppStore|iPhone.Build.0 = Release|Any CPU
		{D81D8B68-A0E1-42C4-B40D-1951F9FD1354}.AppStore|iPhone.Deploy.0 = Release|Any CPU
		{D81D8B68-A0E1-42C4-B40D-1951F9FD1354}.AppStore|iPhoneSimulator.ActiveCfg = Release|Any CPU
		{D81D8B68-A0E1-42C4-B40D-1951F9FD1354}.AppStore|iPhoneSimulator.Build.0 = Release|Any CPU
		{D81D8B68-A0E1-42C4-B40D-1951F9FD1354}.AppStore|iPhoneSimulator.Deploy.0 = Release|Any CPU
		{D81D8B68-A0E1-42C4-B40D-1951F9FD1354}.AppStore|x64.ActiveCfg = Release|Any CPU
		{D81D8B68-A0E1-42C4-B40D-1951F9FD1354}.AppStore|x64.Build.0 = Release|Any CPU
		{D81D8B68-A0E1-42C4-B40D-1951F9FD1354}.AppStore|x64.Deploy.0 = Release|Any CPU
		{D81D8B68-A0E1-42C4-B40D-1951F9FD1354}.AppStore|x86.ActiveCfg = Release|Any CPU
		{D81D8B68-A0E1-42C4-B40D-1951F9FD1354}.AppStore|x86.Build.0 = Release|Any CPU
		{D81D8B68-A0E1-42C4-B40D-1951F9FD1354}.AppStore|x86.Deploy.0 = Release|Any CPU
		{D81D8B68-A0E1-42C4-B40D-1951F9FD1354}.Debug|Any CPU.ActiveCfg = Debug|Any CPU
		{D81D8B68-A0E1-42C4-B40D-1951F9FD1354}.Debug|Any CPU.Build.0 = Debug|Any CPU
		{D81D8B68-A0E1-42C4-B40D-1951F9FD1354}.Debug|Any CPU.Deploy.0 = Debug|Any CPU
		{D81D8B68-A0E1-42C4-B40D-1951F9FD1354}.Debug|ARM.ActiveCfg = Debug|Any CPU
		{D81D8B68-A0E1-42C4-B40D-1951F9FD1354}.Debug|ARM.Build.0 = Debug|Any CPU
		{D81D8B68-A0E1-42C4-B40D-1951F9FD1354}.Debug|ARM.Deploy.0 = Debug|Any CPU
		{D81D8B68-A0E1-42C4-B40D-1951F9FD1354}.Debug|iPhone.ActiveCfg = Debug|Any CPU
		{D81D8B68-A0E1-42C4-B40D-1951F9FD1354}.Debug|iPhone.Build.0 = Debug|Any CPU
		{D81D8B68-A0E1-42C4-B40D-1951F9FD1354}.Debug|iPhone.Deploy.0 = Debug|Any CPU
		{D81D8B68-A0E1-42C4-B40D-1951F9FD1354}.Debug|iPhoneSimulator.ActiveCfg = Debug|Any CPU
		{D81D8B68-A0E1-42C4-B40D-1951F9FD1354}.Debug|iPhoneSimulator.Build.0 = Debug|Any CPU
		{D81D8B68-A0E1-42C4-B40D-1951F9FD1354}.Debug|iPhoneSimulator.Deploy.0 = Debug|Any CPU
		{D81D8B68-A0E1-42C4-B40D-1951F9FD1354}.Debug|x64.ActiveCfg = Debug|Any CPU
		{D81D8B68-A0E1-42C4-B40D-1951F9FD1354}.Debug|x64.Build.0 = Debug|Any CPU
		{D81D8B68-A0E1-42C4-B40D-1951F9FD1354}.Debug|x64.Deploy.0 = Debug|Any CPU
		{D81D8B68-A0E1-42C4-B40D-1951F9FD1354}.Debug|x86.ActiveCfg = Debug|Any CPU
		{D81D8B68-A0E1-42C4-B40D-1951F9FD1354}.Debug|x86.Build.0 = Debug|Any CPU
		{D81D8B68-A0E1-42C4-B40D-1951F9FD1354}.Debug|x86.Deploy.0 = Debug|Any CPU
		{D81D8B68-A0E1-42C4-B40D-1951F9FD1354}.Release|Any CPU.ActiveCfg = Release|Any CPU
		{D81D8B68-A0E1-42C4-B40D-1951F9FD1354}.Release|Any CPU.Build.0 = Release|Any CPU
		{D81D8B68-A0E1-42C4-B40D-1951F9FD1354}.Release|Any CPU.Deploy.0 = Release|Any CPU
		{D81D8B68-A0E1-42C4-B40D-1951F9FD1354}.Release|ARM.ActiveCfg = Release|Any CPU
		{D81D8B68-A0E1-42C4-B40D-1951F9FD1354}.Release|ARM.Build.0 = Release|Any CPU
		{D81D8B68-A0E1-42C4-B40D-1951F9FD1354}.Release|ARM.Deploy.0 = Release|Any CPU
		{D81D8B68-A0E1-42C4-B40D-1951F9FD1354}.Release|iPhone.ActiveCfg = Release|Any CPU
		{D81D8B68-A0E1-42C4-B40D-1951F9FD1354}.Release|iPhone.Build.0 = Release|Any CPU
		{D81D8B68-A0E1-42C4-B40D-1951F9FD1354}.Release|iPhone.Deploy.0 = Release|Any CPU
		{D81D8B68-A0E1-42C4-B40D-1951F9FD1354}.Release|iPhoneSimulator.ActiveCfg = Release|Any CPU
		{D81D8B68-A0E1-42C4-B40D-1951F9FD1354}.Release|iPhoneSimulator.Build.0 = Release|Any CPU
		{D81D8B68-A0E1-42C4-B40D-1951F9FD1354}.Release|iPhoneSimulator.Deploy.0 = Release|Any CPU
		{D81D8B68-A0E1-42C4-B40D-1951F9FD1354}.Release|x64.ActiveCfg = Release|Any CPU
		{D81D8B68-A0E1-42C4-B40D-1951F9FD1354}.Release|x64.Build.0 = Release|Any CPU
		{D81D8B68-A0E1-42C4-B40D-1951F9FD1354}.Release|x64.Deploy.0 = Release|Any CPU
		{D81D8B68-A0E1-42C4-B40D-1951F9FD1354}.Release|x86.ActiveCfg = Release|Any CPU
		{D81D8B68-A0E1-42C4-B40D-1951F9FD1354}.Release|x86.Build.0 = Release|Any CPU
		{D81D8B68-A0E1-42C4-B40D-1951F9FD1354}.Release|x86.Deploy.0 = Release|Any CPU
		{B2140B46-DFFC-4B1E-926B-40F891A733BA}.Ad-Hoc|Any CPU.ActiveCfg = Ad-Hoc|iPhone
		{B2140B46-DFFC-4B1E-926B-40F891A733BA}.Ad-Hoc|ARM.ActiveCfg = Ad-Hoc|iPhone
		{B2140B46-DFFC-4B1E-926B-40F891A733BA}.Ad-Hoc|iPhone.ActiveCfg = Ad-Hoc|iPhone
		{B2140B46-DFFC-4B1E-926B-40F891A733BA}.Ad-Hoc|iPhone.Build.0 = Ad-Hoc|iPhone
		{B2140B46-DFFC-4B1E-926B-40F891A733BA}.Ad-Hoc|iPhoneSimulator.ActiveCfg = Ad-Hoc|iPhoneSimulator
		{B2140B46-DFFC-4B1E-926B-40F891A733BA}.Ad-Hoc|iPhoneSimulator.Build.0 = Ad-Hoc|iPhoneSimulator
		{B2140B46-DFFC-4B1E-926B-40F891A733BA}.Ad-Hoc|x64.ActiveCfg = Ad-Hoc|iPhone
		{B2140B46-DFFC-4B1E-926B-40F891A733BA}.Ad-Hoc|x86.ActiveCfg = Ad-Hoc|iPhone
		{B2140B46-DFFC-4B1E-926B-40F891A733BA}.AppStore|Any CPU.ActiveCfg = AppStore|iPhone
		{B2140B46-DFFC-4B1E-926B-40F891A733BA}.AppStore|ARM.ActiveCfg = AppStore|iPhone
		{B2140B46-DFFC-4B1E-926B-40F891A733BA}.AppStore|iPhone.ActiveCfg = AppStore|iPhone
		{B2140B46-DFFC-4B1E-926B-40F891A733BA}.AppStore|iPhone.Build.0 = AppStore|iPhone
		{B2140B46-DFFC-4B1E-926B-40F891A733BA}.AppStore|iPhoneSimulator.ActiveCfg = AppStore|iPhoneSimulator
		{B2140B46-DFFC-4B1E-926B-40F891A733BA}.AppStore|iPhoneSimulator.Build.0 = AppStore|iPhoneSimulator
		{B2140B46-DFFC-4B1E-926B-40F891A733BA}.AppStore|x64.ActiveCfg = AppStore|iPhone
		{B2140B46-DFFC-4B1E-926B-40F891A733BA}.AppStore|x86.ActiveCfg = AppStore|iPhone
		{B2140B46-DFFC-4B1E-926B-40F891A733BA}.Debug|Any CPU.ActiveCfg = Debug|iPhone
		{B2140B46-DFFC-4B1E-926B-40F891A733BA}.Debug|ARM.ActiveCfg = Debug|iPhone
		{B2140B46-DFFC-4B1E-926B-40F891A733BA}.Debug|iPhone.ActiveCfg = Debug|iPhone
		{B2140B46-DFFC-4B1E-926B-40F891A733BA}.Debug|iPhone.Build.0 = Debug|iPhone
		{B2140B46-DFFC-4B1E-926B-40F891A733BA}.Debug|iPhoneSimulator.ActiveCfg = Debug|iPhoneSimulator
		{B2140B46-DFFC-4B1E-926B-40F891A733BA}.Debug|iPhoneSimulator.Build.0 = Debug|iPhoneSimulator
		{B2140B46-DFFC-4B1E-926B-40F891A733BA}.Debug|x64.ActiveCfg = Debug|iPhone
		{B2140B46-DFFC-4B1E-926B-40F891A733BA}.Debug|x86.ActiveCfg = Debug|iPhone
		{B2140B46-DFFC-4B1E-926B-40F891A733BA}.Release|Any CPU.ActiveCfg = Release|iPhone
		{B2140B46-DFFC-4B1E-926B-40F891A733BA}.Release|ARM.ActiveCfg = Release|iPhone
		{B2140B46-DFFC-4B1E-926B-40F891A733BA}.Release|iPhone.ActiveCfg = Release|iPhone
		{B2140B46-DFFC-4B1E-926B-40F891A733BA}.Release|iPhone.Build.0 = Release|iPhone
		{B2140B46-DFFC-4B1E-926B-40F891A733BA}.Release|iPhoneSimulator.ActiveCfg = Release|iPhoneSimulator
		{B2140B46-DFFC-4B1E-926B-40F891A733BA}.Release|iPhoneSimulator.Build.0 = Release|iPhoneSimulator
		{B2140B46-DFFC-4B1E-926B-40F891A733BA}.Release|x64.ActiveCfg = Release|iPhone
		{B2140B46-DFFC-4B1E-926B-40F891A733BA}.Release|x86.ActiveCfg = Release|iPhone
		{AF7508CF-B177-418F-91FB-DD6389212F13}.Ad-Hoc|Any CPU.ActiveCfg = Release|x86
		{AF7508CF-B177-418F-91FB-DD6389212F13}.Ad-Hoc|Any CPU.Build.0 = Release|x86
		{AF7508CF-B177-418F-91FB-DD6389212F13}.Ad-Hoc|Any CPU.Deploy.0 = Release|x86
		{AF7508CF-B177-418F-91FB-DD6389212F13}.Ad-Hoc|ARM.ActiveCfg = Release|ARM
		{AF7508CF-B177-418F-91FB-DD6389212F13}.Ad-Hoc|ARM.Build.0 = Release|ARM
		{AF7508CF-B177-418F-91FB-DD6389212F13}.Ad-Hoc|ARM.Deploy.0 = Release|ARM
		{AF7508CF-B177-418F-91FB-DD6389212F13}.Ad-Hoc|iPhone.ActiveCfg = Release|x86
		{AF7508CF-B177-418F-91FB-DD6389212F13}.Ad-Hoc|iPhone.Build.0 = Release|x86
		{AF7508CF-B177-418F-91FB-DD6389212F13}.Ad-Hoc|iPhone.Deploy.0 = Release|x86
		{AF7508CF-B177-418F-91FB-DD6389212F13}.Ad-Hoc|iPhoneSimulator.ActiveCfg = Release|x86
		{AF7508CF-B177-418F-91FB-DD6389212F13}.Ad-Hoc|iPhoneSimulator.Build.0 = Release|x86
		{AF7508CF-B177-418F-91FB-DD6389212F13}.Ad-Hoc|iPhoneSimulator.Deploy.0 = Release|x86
		{AF7508CF-B177-418F-91FB-DD6389212F13}.Ad-Hoc|x64.ActiveCfg = Release|x64
		{AF7508CF-B177-418F-91FB-DD6389212F13}.Ad-Hoc|x64.Build.0 = Release|x64
		{AF7508CF-B177-418F-91FB-DD6389212F13}.Ad-Hoc|x64.Deploy.0 = Release|x64
		{AF7508CF-B177-418F-91FB-DD6389212F13}.Ad-Hoc|x86.ActiveCfg = Release|x86
		{AF7508CF-B177-418F-91FB-DD6389212F13}.Ad-Hoc|x86.Build.0 = Release|x86
		{AF7508CF-B177-418F-91FB-DD6389212F13}.Ad-Hoc|x86.Deploy.0 = Release|x86
		{AF7508CF-B177-418F-91FB-DD6389212F13}.AppStore|Any CPU.ActiveCfg = Release|x86
		{AF7508CF-B177-418F-91FB-DD6389212F13}.AppStore|Any CPU.Build.0 = Release|x86
		{AF7508CF-B177-418F-91FB-DD6389212F13}.AppStore|Any CPU.Deploy.0 = Release|x86
		{AF7508CF-B177-418F-91FB-DD6389212F13}.AppStore|ARM.ActiveCfg = Release|ARM
		{AF7508CF-B177-418F-91FB-DD6389212F13}.AppStore|ARM.Build.0 = Release|ARM
		{AF7508CF-B177-418F-91FB-DD6389212F13}.AppStore|ARM.Deploy.0 = Release|ARM
		{AF7508CF-B177-418F-91FB-DD6389212F13}.AppStore|iPhone.ActiveCfg = Release|x86
		{AF7508CF-B177-418F-91FB-DD6389212F13}.AppStore|iPhone.Build.0 = Release|x86
		{AF7508CF-B177-418F-91FB-DD6389212F13}.AppStore|iPhone.Deploy.0 = Release|x86
		{AF7508CF-B177-418F-91FB-DD6389212F13}.AppStore|iPhoneSimulator.ActiveCfg = Release|x86
		{AF7508CF-B177-418F-91FB-DD6389212F13}.AppStore|iPhoneSimulator.Build.0 = Release|x86
		{AF7508CF-B177-418F-91FB-DD6389212F13}.AppStore|iPhoneSimulator.Deploy.0 = Release|x86
		{AF7508CF-B177-418F-91FB-DD6389212F13}.AppStore|x64.ActiveCfg = Release|x64
		{AF7508CF-B177-418F-91FB-DD6389212F13}.AppStore|x64.Build.0 = Release|x64
		{AF7508CF-B177-418F-91FB-DD6389212F13}.AppStore|x64.Deploy.0 = Release|x64
		{AF7508CF-B177-418F-91FB-DD6389212F13}.AppStore|x86.ActiveCfg = Release|x86
		{AF7508CF-B177-418F-91FB-DD6389212F13}.AppStore|x86.Build.0 = Release|x86
		{AF7508CF-B177-418F-91FB-DD6389212F13}.AppStore|x86.Deploy.0 = Release|x86
		{AF7508CF-B177-418F-91FB-DD6389212F13}.Debug|Any CPU.ActiveCfg = Debug|x86
		{AF7508CF-B177-418F-91FB-DD6389212F13}.Debug|ARM.ActiveCfg = Debug|ARM
		{AF7508CF-B177-418F-91FB-DD6389212F13}.Debug|ARM.Build.0 = Debug|ARM
		{AF7508CF-B177-418F-91FB-DD6389212F13}.Debug|ARM.Deploy.0 = Debug|ARM
		{AF7508CF-B177-418F-91FB-DD6389212F13}.Debug|iPhone.ActiveCfg = Debug|x86
		{AF7508CF-B177-418F-91FB-DD6389212F13}.Debug|iPhoneSimulator.ActiveCfg = Debug|x86
		{AF7508CF-B177-418F-91FB-DD6389212F13}.Debug|x64.ActiveCfg = Debug|x64
		{AF7508CF-B177-418F-91FB-DD6389212F13}.Debug|x64.Build.0 = Debug|x64
		{AF7508CF-B177-418F-91FB-DD6389212F13}.Debug|x64.Deploy.0 = Debug|x64
		{AF7508CF-B177-418F-91FB-DD6389212F13}.Debug|x86.ActiveCfg = Debug|x86
		{AF7508CF-B177-418F-91FB-DD6389212F13}.Debug|x86.Build.0 = Debug|x86
		{AF7508CF-B177-418F-91FB-DD6389212F13}.Debug|x86.Deploy.0 = Debug|x86
		{AF7508CF-B177-418F-91FB-DD6389212F13}.Release|Any CPU.ActiveCfg = Release|x86
		{AF7508CF-B177-418F-91FB-DD6389212F13}.Release|ARM.ActiveCfg = Release|ARM
		{AF7508CF-B177-418F-91FB-DD6389212F13}.Release|ARM.Build.0 = Release|ARM
		{AF7508CF-B177-418F-91FB-DD6389212F13}.Release|ARM.Deploy.0 = Release|ARM
		{AF7508CF-B177-418F-91FB-DD6389212F13}.Release|iPhone.ActiveCfg = Release|x86
		{AF7508CF-B177-418F-91FB-DD6389212F13}.Release|iPhoneSimulator.ActiveCfg = Release|x86
		{AF7508CF-B177-418F-91FB-DD6389212F13}.Release|x64.ActiveCfg = Release|x64
		{AF7508CF-B177-418F-91FB-DD6389212F13}.Release|x64.Build.0 = Release|x64
		{AF7508CF-B177-418F-91FB-DD6389212F13}.Release|x64.Deploy.0 = Release|x64
		{AF7508CF-B177-418F-91FB-DD6389212F13}.Release|x86.ActiveCfg = Release|x86
		{AF7508CF-B177-418F-91FB-DD6389212F13}.Release|x86.Build.0 = Release|x86
		{AF7508CF-B177-418F-91FB-DD6389212F13}.Release|x86.Deploy.0 = Release|x86
		{0339BFEB-F26C-4D56-81EB-20BA7A8CAEF1}.Ad-Hoc|Any CPU.ActiveCfg = Debug|Any CPU
		{0339BFEB-F26C-4D56-81EB-20BA7A8CAEF1}.Ad-Hoc|Any CPU.Build.0 = Debug|Any CPU
		{0339BFEB-F26C-4D56-81EB-20BA7A8CAEF1}.Ad-Hoc|ARM.ActiveCfg = Debug|Any CPU
		{0339BFEB-F26C-4D56-81EB-20BA7A8CAEF1}.Ad-Hoc|ARM.Build.0 = Debug|Any CPU
		{0339BFEB-F26C-4D56-81EB-20BA7A8CAEF1}.Ad-Hoc|iPhone.ActiveCfg = Debug|Any CPU
		{0339BFEB-F26C-4D56-81EB-20BA7A8CAEF1}.Ad-Hoc|iPhone.Build.0 = Debug|Any CPU
		{0339BFEB-F26C-4D56-81EB-20BA7A8CAEF1}.Ad-Hoc|iPhoneSimulator.ActiveCfg = Debug|Any CPU
		{0339BFEB-F26C-4D56-81EB-20BA7A8CAEF1}.Ad-Hoc|iPhoneSimulator.Build.0 = Debug|Any CPU
		{0339BFEB-F26C-4D56-81EB-20BA7A8CAEF1}.Ad-Hoc|x64.ActiveCfg = Debug|Any CPU
		{0339BFEB-F26C-4D56-81EB-20BA7A8CAEF1}.Ad-Hoc|x64.Build.0 = Debug|Any CPU
		{0339BFEB-F26C-4D56-81EB-20BA7A8CAEF1}.Ad-Hoc|x86.ActiveCfg = Debug|Any CPU
		{0339BFEB-F26C-4D56-81EB-20BA7A8CAEF1}.Ad-Hoc|x86.Build.0 = Debug|Any CPU
		{0339BFEB-F26C-4D56-81EB-20BA7A8CAEF1}.AppStore|Any CPU.ActiveCfg = Debug|Any CPU
		{0339BFEB-F26C-4D56-81EB-20BA7A8CAEF1}.AppStore|Any CPU.Build.0 = Debug|Any CPU
		{0339BFEB-F26C-4D56-81EB-20BA7A8CAEF1}.AppStore|ARM.ActiveCfg = Debug|Any CPU
		{0339BFEB-F26C-4D56-81EB-20BA7A8CAEF1}.AppStore|ARM.Build.0 = Debug|Any CPU
		{0339BFEB-F26C-4D56-81EB-20BA7A8CAEF1}.AppStore|iPhone.ActiveCfg = Debug|Any CPU
		{0339BFEB-F26C-4D56-81EB-20BA7A8CAEF1}.AppStore|iPhone.Build.0 = Debug|Any CPU
		{0339BFEB-F26C-4D56-81EB-20BA7A8CAEF1}.AppStore|iPhoneSimulator.ActiveCfg = Debug|Any CPU
		{0339BFEB-F26C-4D56-81EB-20BA7A8CAEF1}.AppStore|iPhoneSimulator.Build.0 = Debug|Any CPU
		{0339BFEB-F26C-4D56-81EB-20BA7A8CAEF1}.AppStore|x64.ActiveCfg = Debug|Any CPU
		{0339BFEB-F26C-4D56-81EB-20BA7A8CAEF1}.AppStore|x64.Build.0 = Debug|Any CPU
		{0339BFEB-F26C-4D56-81EB-20BA7A8CAEF1}.AppStore|x86.ActiveCfg = Debug|Any CPU
		{0339BFEB-F26C-4D56-81EB-20BA7A8CAEF1}.AppStore|x86.Build.0 = Debug|Any CPU
		{0339BFEB-F26C-4D56-81EB-20BA7A8CAEF1}.Debug|Any CPU.ActiveCfg = Debug|Any CPU
		{0339BFEB-F26C-4D56-81EB-20BA7A8CAEF1}.Debug|Any CPU.Build.0 = Debug|Any CPU
		{0339BFEB-F26C-4D56-81EB-20BA7A8CAEF1}.Debug|ARM.ActiveCfg = Debug|Any CPU
		{0339BFEB-F26C-4D56-81EB-20BA7A8CAEF1}.Debug|ARM.Build.0 = Debug|Any CPU
		{0339BFEB-F26C-4D56-81EB-20BA7A8CAEF1}.Debug|iPhone.ActiveCfg = Debug|Any CPU
		{0339BFEB-F26C-4D56-81EB-20BA7A8CAEF1}.Debug|iPhone.Build.0 = Debug|Any CPU
		{0339BFEB-F26C-4D56-81EB-20BA7A8CAEF1}.Debug|iPhoneSimulator.ActiveCfg = Debug|Any CPU
		{0339BFEB-F26C-4D56-81EB-20BA7A8CAEF1}.Debug|iPhoneSimulator.Build.0 = Debug|Any CPU
		{0339BFEB-F26C-4D56-81EB-20BA7A8CAEF1}.Debug|x64.ActiveCfg = Debug|Any CPU
		{0339BFEB-F26C-4D56-81EB-20BA7A8CAEF1}.Debug|x64.Build.0 = Debug|Any CPU
		{0339BFEB-F26C-4D56-81EB-20BA7A8CAEF1}.Debug|x86.ActiveCfg = Debug|Any CPU
		{0339BFEB-F26C-4D56-81EB-20BA7A8CAEF1}.Debug|x86.Build.0 = Debug|Any CPU
		{0339BFEB-F26C-4D56-81EB-20BA7A8CAEF1}.Release|Any CPU.ActiveCfg = Release|Any CPU
		{0339BFEB-F26C-4D56-81EB-20BA7A8CAEF1}.Release|Any CPU.Build.0 = Release|Any CPU
		{0339BFEB-F26C-4D56-81EB-20BA7A8CAEF1}.Release|ARM.ActiveCfg = Release|Any CPU
		{0339BFEB-F26C-4D56-81EB-20BA7A8CAEF1}.Release|ARM.Build.0 = Release|Any CPU
		{0339BFEB-F26C-4D56-81EB-20BA7A8CAEF1}.Release|iPhone.ActiveCfg = Release|Any CPU
		{0339BFEB-F26C-4D56-81EB-20BA7A8CAEF1}.Release|iPhone.Build.0 = Release|Any CPU
		{0339BFEB-F26C-4D56-81EB-20BA7A8CAEF1}.Release|iPhoneSimulator.ActiveCfg = Release|Any CPU
		{0339BFEB-F26C-4D56-81EB-20BA7A8CAEF1}.Release|iPhoneSimulator.Build.0 = Release|Any CPU
		{0339BFEB-F26C-4D56-81EB-20BA7A8CAEF1}.Release|x64.ActiveCfg = Release|Any CPU
		{0339BFEB-F26C-4D56-81EB-20BA7A8CAEF1}.Release|x64.Build.0 = Release|Any CPU
		{0339BFEB-F26C-4D56-81EB-20BA7A8CAEF1}.Release|x86.ActiveCfg = Release|Any CPU
		{0339BFEB-F26C-4D56-81EB-20BA7A8CAEF1}.Release|x86.Build.0 = Release|Any CPU
	EndGlobalSection
	GlobalSection(SolutionProperties) = preSolution
		HideSolutionNode = FALSE
	EndGlobalSection
	GlobalSection(ExtensibilityGlobals) = postSolution
		SolutionGuid = {93038409-F15D-4FA8-B56E-CD4D58754B46}
	EndGlobalSection
EndGlobal
